
Microsoft Visual Studio Solution File, Format Version 12.00
# Visual Studio 15
VisualStudioVersion = 15.0.27130.2036
MinimumVisualStudioVersion = 10.0.40219.1
Project("{FAE04EC0-301F-11D3-BF4B-00C04F79EFBC}") = "Wpf1", "Wpf1\Wpf1.csproj", "{5BBEDDD4-2393-4F16-AC01-6933CF858DD7}"
EndProject
Global
	GlobalSection(SolutionConfigurationPlatforms) = preSolution
		Debug|Any CPU = Debug|Any CPU
		Release|Any CPU = Release|Any CPU
	EndGlobalSection
	GlobalSection(ProjectConfigurationPlatforms) = postSolution
		{5BBEDDD4-2393-4F16-AC01-6933CF858DD7}.Debug|Any CPU.ActiveCfg = Debug|Any CPU
		{5BBEDDD4-2393-4F16-AC01-6933CF858DD7}.Debug|Any CPU.Build.0 = Debug|Any CPU
		{5BBEDDD4-2393-4F16-AC01-6933CF858DD7}.Release|Any CPU.ActiveCfg = Release|Any CPU
		{5BBEDDD4-2393-4F16-AC01-6933CF858DD7}.Release|Any CPU.Build.0 = Release|Any CPU
	EndGlobalSection
	GlobalSection(SolutionProperties) = preSolution
		HideSolutionNode = FALSE
	EndGlobalSection
	GlobalSection(ExtensibilityGlobals) = postSolution
		SolutionGuid = {E753C763-E3ED-4DFD-A654-971D3DA9D90D}
	EndGlobalSection
EndGlobal
